
Microsoft Visual Studio Solution File, Format Version 12.00
# Visual Studio Version 16
VisualStudioVersion = 16.0.29806.167
MinimumVisualStudioVersion = 10.0.40219.1
Project("{FAE04EC0-301F-11D3-BF4B-00C04F79EFBC}") = "PhoneBook", "PhoneBook\PhoneBook.csproj", "{808A2608-2911-4A5C-BCE8-611FD77F7A2C}"
EndProject
Project("{FAE04EC0-301F-11D3-BF4B-00C04F79EFBC}") = "PhoneBookTest", "PhoneBookTest\PhoneBookTest.csproj", "{39FA61D8-0515-47B5-9279-30105FD30F88}"
EndProject
Global
	GlobalSection(SolutionConfigurationPlatforms) = preSolution
		Debug|Any CPU = Debug|Any CPU
		Release|Any CPU = Release|Any CPU
	EndGlobalSection
	GlobalSection(ProjectConfigurationPlatforms) = postSolution
		{808A2608-2911-4A5C-BCE8-611FD77F7A2C}.Debug|Any CPU.ActiveCfg = Debug|Any CPU
		{808A2608-2911-4A5C-BCE8-611FD77F7A2C}.Debug|Any CPU.Build.0 = Debug|Any CPU
		{808A2608-2911-4A5C-BCE8-611FD77F7A2C}.Release|Any CPU.ActiveCfg = Release|Any CPU
		{808A2608-2911-4A5C-BCE8-611FD77F7A2C}.Release|Any CPU.Build.0 = Release|Any CPU
		{39FA61D8-0515-47B5-9279-30105FD30F88}.Debug|Any CPU.ActiveCfg = Debug|Any CPU
		{39FA61D8-0515-47B5-9279-30105FD30F88}.Debug|Any CPU.Build.0 = Debug|Any CPU
		{39FA61D8-0515-47B5-9279-30105FD30F88}.Release|Any CPU.ActiveCfg = Release|Any CPU
		{39FA61D8-0515-47B5-9279-30105FD30F88}.Release|Any CPU.Build.0 = Release|Any CPU
	EndGlobalSection
	GlobalSection(SolutionProperties) = preSolution
		HideSolutionNode = FALSE
	EndGlobalSection
	GlobalSection(ExtensibilityGlobals) = postSolution
		SolutionGuid = {790B986F-D092-47E4-A75E-FB8B32D82838}
	EndGlobalSection
EndGlobal
